
Microsoft Visual Studio Solution File, Format Version 12.00
# Visual Studio Version 17
VisualStudioVersion = 17.5.002.0
MinimumVisualStudioVersion = 10.0.40219.1
Project("{9A19103F-16F7-4668-BE54-9A1E7A4F7556}") = "Barbearia.API", "Barbearia.API.csproj", "{23380DD3-A38B-4D15-AAAA-1D26E33E2F51}"
EndProject
Global
	GlobalSection(SolutionConfigurationPlatforms) = preSolution
		Debug|Any CPU = Debug|Any CPU
		Release|Any CPU = Release|Any CPU
	EndGlobalSection
	GlobalSection(ProjectConfigurationPlatforms) = postSolution
		{23380DD3-A38B-4D15-AAAA-1D26E33E2F51}.Debug|Any CPU.ActiveCfg = Debug|Any CPU
		{23380DD3-A38B-4D15-AAAA-1D26E33E2F51}.Debug|Any CPU.Build.0 = Debug|Any CPU
		{23380DD3-A38B-4D15-AAAA-1D26E33E2F51}.Release|Any CPU.ActiveCfg = Release|Any CPU
		{23380DD3-A38B-4D15-AAAA-1D26E33E2F51}.Release|Any CPU.Build.0 = Release|Any CPU
	EndGlobalSection
	GlobalSection(SolutionProperties) = preSolution
		HideSolutionNode = FALSE
	EndGlobalSection
	GlobalSection(ExtensibilityGlobals) = postSolution
		SolutionGuid = {15864223-2E8D-4093-A5E8-30C59BB98BDB}
	EndGlobalSection
EndGlobal
